
Microsoft Visual Studio Solution File, Format Version 12.00
# Visual Studio Version 17
VisualStudioVersion = 17.14.36603.0 d17.14
MinimumVisualStudioVersion = 10.0.40219.1
Project("{FAE04EC0-301F-11D3-BF4B-00C04F79EFBC}") = "FutureDevAcademy", "FutureDevAcademy\FutureDevAcademy.csproj", "{3B20105F-B082-4B81-80FC-AC798E836B55}"
EndProject
Project("{FAE04EC0-301F-11D3-BF4B-00C04F79EFBC}") = "Domain", "Domain\Domain.csproj", "{9CD34562-7F31-404C-991B-0ABC298AFD78}"
EndProject
Project("{FAE04EC0-301F-11D3-BF4B-00C04F79EFBC}") = "Application", "Application\Application.csproj", "{946D44DE-9567-41D6-A9ED-F268C843A1C2}"
EndProject
Project("{FAE04EC0-301F-11D3-BF4B-00C04F79EFBC}") = "Infrastructure", "Infrastructure\Infrastructure.csproj", "{025C592D-EB01-4C82-BA7D-11F3189B0F0E}"
EndProject
Global
	GlobalSection(SolutionConfigurationPlatforms) = preSolution
		Debug|Any CPU = Debug|Any CPU
		Release|Any CPU = Release|Any CPU
	EndGlobalSection
	GlobalSection(ProjectConfigurationPlatforms) = postSolution
		{3B20105F-B082-4B81-80FC-AC798E836B55}.Debug|Any CPU.ActiveCfg = Debug|Any CPU
		{3B20105F-B082-4B81-80FC-AC798E836B55}.Debug|Any CPU.Build.0 = Debug|Any CPU
		{3B20105F-B082-4B81-80FC-AC798E836B55}.Release|Any CPU.ActiveCfg = Release|Any CPU
		{3B20105F-B082-4B81-80FC-AC798E836B55}.Release|Any CPU.Build.0 = Release|Any CPU
		{9CD34562-7F31-404C-991B-0ABC298AFD78}.Debug|Any CPU.ActiveCfg = Debug|Any CPU
		{9CD34562-7F31-404C-991B-0ABC298AFD78}.Debug|Any CPU.Build.0 = Debug|Any CPU
		{9CD34562-7F31-404C-991B-0ABC298AFD78}.Release|Any CPU.ActiveCfg = Release|Any CPU
		{9CD34562-7F31-404C-991B-0ABC298AFD78}.Release|Any CPU.Build.0 = Release|Any CPU
		{946D44DE-9567-41D6-A9ED-F268C843A1C2}.Debug|Any CPU.ActiveCfg = Debug|Any CPU
		{946D44DE-9567-41D6-A9ED-F268C843A1C2}.Debug|Any CPU.Build.0 = Debug|Any CPU
		{946D44DE-9567-41D6-A9ED-F268C843A1C2}.Release|Any CPU.ActiveCfg = Release|Any CPU
		{946D44DE-9567-41D6-A9ED-F268C843A1C2}.Release|Any CPU.Build.0 = Release|Any CPU
		{025C592D-EB01-4C82-BA7D-11F3189B0F0E}.Debug|Any CPU.ActiveCfg = Debug|Any CPU
		{025C592D-EB01-4C82-BA7D-11F3189B0F0E}.Debug|Any CPU.Build.0 = Debug|Any CPU
		{025C592D-EB01-4C82-BA7D-11F3189B0F0E}.Release|Any CPU.ActiveCfg = Release|Any CPU
		{025C592D-EB01-4C82-BA7D-11F3189B0F0E}.Release|Any CPU.Build.0 = Release|Any CPU
	EndGlobalSection
	GlobalSection(SolutionProperties) = preSolution
		HideSolutionNode = FALSE
	EndGlobalSection
	GlobalSection(ExtensibilityGlobals) = postSolution
		SolutionGuid = {924BBA9D-B7C8-4C49-BBC1-C1460AA955D0}
	EndGlobalSection
EndGlobal
